
Microsoft Visual Studio Solution File, Format Version 12.00
# Visual Studio Version 17
VisualStudioVersion = 17.14.36310.24 d17.14
MinimumVisualStudioVersion = 10.0.40219.1
Project("{FAE04EC0-301F-11D3-BF4B-00C04F79EFBC}") = "FuncionEjemplo1", "FuncionEjemplo1\FuncionEjemplo1.csproj", "{64AC1861-A82E-4FC5-9B2D-E07B6DB19E1C}"
EndProject
Project("{FAE04EC0-301F-11D3-BF4B-00C04F79EFBC}") = "FuncionEjemplo2", "FuncionEjemplo2\FuncionEjemplo2.csproj", "{5D79D2BF-205C-4812-87D9-FFA051B6858A}"
EndProject
Project("{FAE04EC0-301F-11D3-BF4B-00C04F79EFBC}") = "FuncionEjemplo3", "FuncionEjemplo3\FuncionEjemplo3.csproj", "{1C137AE2-892E-4506-AB94-5C11A4EE85A3}"
EndProject
Global
	GlobalSection(SolutionConfigurationPlatforms) = preSolution
		Debug|Any CPU = Debug|Any CPU
		Release|Any CPU = Release|Any CPU
	EndGlobalSection
	GlobalSection(ProjectConfigurationPlatforms) = postSolution
		{64AC1861-A82E-4FC5-9B2D-E07B6DB19E1C}.Debug|Any CPU.ActiveCfg = Debug|Any CPU
		{64AC1861-A82E-4FC5-9B2D-E07B6DB19E1C}.Debug|Any CPU.Build.0 = Debug|Any CPU
		{64AC1861-A82E-4FC5-9B2D-E07B6DB19E1C}.Release|Any CPU.ActiveCfg = Release|Any CPU
		{64AC1861-A82E-4FC5-9B2D-E07B6DB19E1C}.Release|Any CPU.Build.0 = Release|Any CPU
		{5D79D2BF-205C-4812-87D9-FFA051B6858A}.Debug|Any CPU.ActiveCfg = Debug|Any CPU
		{5D79D2BF-205C-4812-87D9-FFA051B6858A}.Debug|Any CPU.Build.0 = Debug|Any CPU
		{5D79D2BF-205C-4812-87D9-FFA051B6858A}.Release|Any CPU.ActiveCfg = Release|Any CPU
		{5D79D2BF-205C-4812-87D9-FFA051B6858A}.Release|Any CPU.Build.0 = Release|Any CPU
		{1C137AE2-892E-4506-AB94-5C11A4EE85A3}.Debug|Any CPU.ActiveCfg = Debug|Any CPU
		{1C137AE2-892E-4506-AB94-5C11A4EE85A3}.Debug|Any CPU.Build.0 = Debug|Any CPU
		{1C137AE2-892E-4506-AB94-5C11A4EE85A3}.Release|Any CPU.ActiveCfg = Release|Any CPU
		{1C137AE2-892E-4506-AB94-5C11A4EE85A3}.Release|Any CPU.Build.0 = Release|Any CPU
	EndGlobalSection
	GlobalSection(SolutionProperties) = preSolution
		HideSolutionNode = FALSE
	EndGlobalSection
	GlobalSection(ExtensibilityGlobals) = postSolution
		SolutionGuid = {8C8A3435-30A2-422C-B7CA-0A19671FCCAE}
	EndGlobalSection
EndGlobal
